<?xml version="1.0" encoding="utf-8"?>
<Project ToolsVersion="4.0" xmlns="http://schemas.microsoft.com/developer/msbuild/2003">
  <ItemGroup>
    <Filter Include="Исходные файлы">
      <UniqueIdentifier>{4FC737F1-C7A5-4376-A066-2A32D752A2FF}</UniqueIdentifier>
      <Extensions>cpp;c;cc;cxx;c++;cppm;ixx;def;odl;idl;hpj;bat;asm;asmx</Extensions>
    </Filter>
    <Filter Include="Файлы заголовков">
      <UniqueIdentifier>{93995380-89BD-4b04-88EB-625FBE52EBFB}</UniqueIdentifier>
      <Extensions>h;hh;hpp;hxx;h++;hm;inl;inc;ipp;xsd</Extensions>
    </Filter>
    <Filter Include="Файлы ресурсов">
      <UniqueIdentifier>{67DA6AB6-F800-4c08-8B7A-83BB121AAD01}</UniqueIdentifier>
      <Extensions>rc;ico;cur;bmp;dlg;rc2;rct;bin;rgs;gif;jpg;jpeg;jpe;resx;tiff;tif;png;wav;mfcribbon-ms</Extensions>
    </Filter>
    <Filter Include="Файлы заголовков\clinic">
      <UniqueIdentifier>{4a4e711c-cc8c-4719-8d5b-a85acb2d6d6e}</UniqueIdentifier>
    </Filter>
    <Filter Include="Файлы заголовков\cpython">
      <UniqueIdentifier>{be295129-9560-4d3e-a256-e1380c19f61e}</UniqueIdentifier>
    </Filter>
    <Filter Include="Файлы ресурсов\objects">
      <UniqueIdentifier>{0813890f-6791-4b39-8819-76fbb082c149}</UniqueIdentifier>
    </Filter>
    <Filter Include="Файлы ресурсов\objects\clinic">
      <UniqueIdentifier>{d1bd8bcb-cf44-4550-ab74-0c4d13ce47fc}</UniqueIdentifier>
    </Filter>
    <Filter Include="Файлы заголовков\includes">
      <UniqueIdentifier>{1e00e75b-0955-4c8d-b316-5253958bc9a5}</UniqueIdentifier>
    </Filter>
    <Filter Include="Файлы заголовков\includes\cpython">
      <UniqueIdentifier>{2fd1afac-3d78-41d4-be00-588c7deb4687}</UniqueIdentifier>
    </Filter>
    <Filter Include="Файлы ресурсов\resources">
      <UniqueIdentifier>{56b29aec-e390-45f2-bab6-2f9f137fd748}</UniqueIdentifier>
    </Filter>
  </ItemGroup>
  <ItemGroup>
    <ClInclude Include="_geompy.h">
      <Filter>Файлы заголовков</Filter>
    </ClInclude>
    <ClInclude Include="docstrings.h">
      <Filter>Файлы заголовков</Filter>
    </ClInclude>
    <ClInclude Include="clinic\_geompy.c.h">
      <Filter>Файлы заголовков\clinic</Filter>
    </ClInclude>
    <ClInclude Include="cpython\_geompy.h">
      <Filter>Файлы заголовков\cpython</Filter>
    </ClInclude>
    <ClInclude Include="objects\clinic\polygonobject.c.h">
      <Filter>Файлы ресурсов\objects\clinic</Filter>
    </ClInclude>
    <ClInclude Include="includes\_math.h">
      <Filter>Файлы заголовков\includes</Filter>
    </ClInclude>
    <ClInclude Include="includes\point.h">
      <Filter>Файлы заголовков\includes</Filter>
    </ClInclude>
    <ClInclude Include="includes\polygon.h">
      <Filter>Файлы заголовков\includes</Filter>
    </ClInclude>
    <ClInclude Include="includes\rand.h">
      <Filter>Файлы заголовков\includes</Filter>
    </ClInclude>
    <ClInclude Include="includes\cpython\point.h">
      <Filter>Файлы заголовков\includes\cpython</Filter>
    </ClInclude>
    <ClInclude Include="includes\cpython\polygon.h">
      <Filter>Файлы заголовков\includes\cpython</Filter>
    </ClInclude>
  </ItemGroup>
  <ItemGroup>
    <ClCompile Include="_geompy.c">
      <Filter>Файлы ресурсов</Filter>
    </ClCompile>
    <ClCompile Include="main.c">
      <Filter>Файлы ресурсов</Filter>
    </ClCompile>
    <ClCompile Include="objects\pointobject.c">
      <Filter>Файлы ресурсов\objects</Filter>
    </ClCompile>
    <ClCompile Include="objects\polygonobject.c">
      <Filter>Файлы ресурсов\objects</Filter>
    </ClCompile>
    <ClCompile Include="resources\rand.c">
      <Filter>Файлы ресурсов\resources</Filter>
    </ClCompile>
  </ItemGroup>
</Project>